
Microsoft Visual Studio Solution File, Format Version 12.00
# Visual Studio 15
VisualStudioVersion = 15.0.27703.2000
MinimumVisualStudioVersion = 10.0.40219.1
Project("{FAE04EC0-301F-11D3-BF4B-00C04F79EFBC}") = "Examples", "Examples\Examples.csproj", "{AE4EC971-20EC-4807-B5F7-3EB92D024D76}"
EndProject
Global
	GlobalSection(SolutionConfigurationPlatforms) = preSolution
		Debug|Any CPU = Debug|Any CPU
		Release|Any CPU = Release|Any CPU
	EndGlobalSection
	GlobalSection(ProjectConfigurationPlatforms) = postSolution
		{AE4EC971-20EC-4807-B5F7-3EB92D024D76}.Debug|Any CPU.ActiveCfg = Debug|Any CPU
		{AE4EC971-20EC-4807-B5F7-3EB92D024D76}.Debug|Any CPU.Build.0 = Debug|Any CPU
		{AE4EC971-20EC-4807-B5F7-3EB92D024D76}.Release|Any CPU.ActiveCfg = Release|Any CPU
		{AE4EC971-20EC-4807-B5F7-3EB92D024D76}.Release|Any CPU.Build.0 = Release|Any CPU
	EndGlobalSection
	GlobalSection(SolutionProperties) = preSolution
		HideSolutionNode = FALSE
	EndGlobalSection
	GlobalSection(ExtensibilityGlobals) = postSolution
		SolutionGuid = {799D1FF7-5530-4EF0-99BB-7EAD9A5B5B00}
	EndGlobalSection
EndGlobal
