
Microsoft Visual Studio Solution File, Format Version 12.00
# Visual Studio 15
VisualStudioVersion = 15.0.27703.2000
MinimumVisualStudioVersion = 10.0.40219.1
Project("{FAE04EC0-301F-11D3-BF4B-00C04F79EFBC}") = "CherryPicker", "CherryPicker\CherryPicker.csproj", "{CBA8EBE0-0AD3-4311-A3DD-B785C76C988C}"
EndProject
Project("{FAE04EC0-301F-11D3-BF4B-00C04F79EFBC}") = "CherryPickerTests", "CherryPickerTests\CherryPickerTests.csproj", "{DF4EE657-0952-424F-A380-8A31FF0F781C}"
EndProject
Project("{2150E333-8FDC-42A3-9474-1A3956D46DE8}") = "Documentation", "Documentation", "{4BF4C60C-BFE8-46CB-9308-0A7494E1AED4}"
	ProjectSection(SolutionItems) = preProject
		..\LICENSE = ..\LICENSE
		..\README.md = ..\README.md
	EndProjectSection
EndProject
Global
	GlobalSection(SolutionConfigurationPlatforms) = preSolution
		Debug|Any CPU = Debug|Any CPU
		Release|Any CPU = Release|Any CPU
	EndGlobalSection
	GlobalSection(ProjectConfigurationPlatforms) = postSolution
		{CBA8EBE0-0AD3-4311-A3DD-B785C76C988C}.Debug|Any CPU.ActiveCfg = Debug|Any CPU
		{CBA8EBE0-0AD3-4311-A3DD-B785C76C988C}.Debug|Any CPU.Build.0 = Debug|Any CPU
		{CBA8EBE0-0AD3-4311-A3DD-B785C76C988C}.Release|Any CPU.ActiveCfg = Release|Any CPU
		{CBA8EBE0-0AD3-4311-A3DD-B785C76C988C}.Release|Any CPU.Build.0 = Release|Any CPU
		{DF4EE657-0952-424F-A380-8A31FF0F781C}.Debug|Any CPU.ActiveCfg = Debug|Any CPU
		{DF4EE657-0952-424F-A380-8A31FF0F781C}.Debug|Any CPU.Build.0 = Debug|Any CPU
		{DF4EE657-0952-424F-A380-8A31FF0F781C}.Release|Any CPU.ActiveCfg = Release|Any CPU
		{DF4EE657-0952-424F-A380-8A31FF0F781C}.Release|Any CPU.Build.0 = Release|Any CPU
	EndGlobalSection
	GlobalSection(SolutionProperties) = preSolution
		HideSolutionNode = FALSE
	EndGlobalSection
	GlobalSection(ExtensibilityGlobals) = postSolution
		SolutionGuid = {A026A543-A2F3-4BB4-AEA4-AF6AFE0776E8}
	EndGlobalSection
EndGlobal
